
Microsoft Visual Studio Solution File, Format Version 12.00
# Visual Studio Version 17
VisualStudioVersion = 17.0.31903.59
MinimumVisualStudioVersion = 10.0.40219.1
Project("{FAE04EC0-301F-11D3-BF4B-00C04F79EFBC}") = "Auctions.WebApi", "src\Auctions.WebApi\Auctions.WebApi.csproj", "{A606B605-17CC-403C-9A61-51C27D7AD3DA}"
EndProject
Project("{FAE04EC0-301F-11D3-BF4B-00C04F79EFBC}") = "Tests", "test\Tests\Tests.csproj", "{0095FE4E-96F7-448E-8FFF-0C2AB477CDC2}"
EndProject
Project("{FAE04EC0-301F-11D3-BF4B-00C04F79EFBC}") = "Auctions.AzureFunctions", "src\Auctions.AzureFunctions\Auctions.AzureFunctions.csproj", "{649C755E-D0D2-4EF9-840D-B6BF8BBF4BC1}"
EndProject
Project("{2150E333-8FDC-42A3-9474-1A3956D46DE8}") = "src", "src", "{4560E565-E491-491E-BCF9-6211A47835F7}"
EndProject
Project("{2150E333-8FDC-42A3-9474-1A3956D46DE8}") = "test", "test", "{0DB94825-D0A4-434E-80D9-80ABEDEBF921}"
EndProject
Project("{FAE04EC0-301F-11D3-BF4B-00C04F79EFBC}") = "Auctions.Domain", "src\Auctions.Domain\Auctions.Domain.csproj", "{B366C43C-8C90-4584-8E19-5264D8C9B137}"
EndProject
Project("{FAE04EC0-301F-11D3-BF4B-00C04F79EFBC}") = "Auctions.Infrastructure", "src\Auctions.Infrastructure\Auctions.Infrastructure.csproj", "{B8340775-67C5-4D9E-B38B-636E432953C9}"
EndProject
Project("{2150E333-8FDC-42A3-9474-1A3956D46DE8}") = "Postman", "Postman", "{A1D21C02-8361-401A-A050-A7A03F25AFB9}"
	ProjectSection(SolutionItems) = preProject
		test\Postman\Auction Site Local.postman_environment.json = test\Postman\Auction Site Local.postman_environment.json
		test\Postman\auctions [auth].200.json = test\Postman\auctions [auth].200.json
		test\Postman\AuctionSite.http = test\Postman\AuctionSite.http
		test\Postman\AuctionSite.postman_collection.json = test\Postman\AuctionSite.postman_collection.json
		test\Postman\Create auction v2.201.json = test\Postman\Create auction v2.201.json
		test\Postman\http-client.env.json = test\Postman\http-client.env.json
	EndProjectSection
EndProject
Global
	GlobalSection(SolutionConfigurationPlatforms) = preSolution
		Debug|Any CPU = Debug|Any CPU
		Release|Any CPU = Release|Any CPU
	EndGlobalSection
	GlobalSection(SolutionProperties) = preSolution
		HideSolutionNode = FALSE
	EndGlobalSection
	GlobalSection(ProjectConfigurationPlatforms) = postSolution
		{A606B605-17CC-403C-9A61-51C27D7AD3DA}.Debug|Any CPU.ActiveCfg = Debug|Any CPU
		{A606B605-17CC-403C-9A61-51C27D7AD3DA}.Debug|Any CPU.Build.0 = Debug|Any CPU
		{A606B605-17CC-403C-9A61-51C27D7AD3DA}.Release|Any CPU.ActiveCfg = Release|Any CPU
		{A606B605-17CC-403C-9A61-51C27D7AD3DA}.Release|Any CPU.Build.0 = Release|Any CPU
		{0095FE4E-96F7-448E-8FFF-0C2AB477CDC2}.Debug|Any CPU.ActiveCfg = Debug|Any CPU
		{0095FE4E-96F7-448E-8FFF-0C2AB477CDC2}.Debug|Any CPU.Build.0 = Debug|Any CPU
		{0095FE4E-96F7-448E-8FFF-0C2AB477CDC2}.Release|Any CPU.ActiveCfg = Release|Any CPU
		{0095FE4E-96F7-448E-8FFF-0C2AB477CDC2}.Release|Any CPU.Build.0 = Release|Any CPU
		{649C755E-D0D2-4EF9-840D-B6BF8BBF4BC1}.Debug|Any CPU.ActiveCfg = Debug|Any CPU
		{649C755E-D0D2-4EF9-840D-B6BF8BBF4BC1}.Debug|Any CPU.Build.0 = Debug|Any CPU
		{649C755E-D0D2-4EF9-840D-B6BF8BBF4BC1}.Release|Any CPU.ActiveCfg = Release|Any CPU
		{649C755E-D0D2-4EF9-840D-B6BF8BBF4BC1}.Release|Any CPU.Build.0 = Release|Any CPU
		{B366C43C-8C90-4584-8E19-5264D8C9B137}.Debug|Any CPU.ActiveCfg = Debug|Any CPU
		{B366C43C-8C90-4584-8E19-5264D8C9B137}.Debug|Any CPU.Build.0 = Debug|Any CPU
		{B366C43C-8C90-4584-8E19-5264D8C9B137}.Release|Any CPU.ActiveCfg = Release|Any CPU
		{B366C43C-8C90-4584-8E19-5264D8C9B137}.Release|Any CPU.Build.0 = Release|Any CPU
		{B8340775-67C5-4D9E-B38B-636E432953C9}.Debug|Any CPU.ActiveCfg = Debug|Any CPU
		{B8340775-67C5-4D9E-B38B-636E432953C9}.Debug|Any CPU.Build.0 = Debug|Any CPU
		{B8340775-67C5-4D9E-B38B-636E432953C9}.Release|Any CPU.ActiveCfg = Release|Any CPU
		{B8340775-67C5-4D9E-B38B-636E432953C9}.Release|Any CPU.Build.0 = Release|Any CPU
	EndGlobalSection
	GlobalSection(NestedProjects) = preSolution
		{A606B605-17CC-403C-9A61-51C27D7AD3DA} = {4560E565-E491-491E-BCF9-6211A47835F7}
		{649C755E-D0D2-4EF9-840D-B6BF8BBF4BC1} = {4560E565-E491-491E-BCF9-6211A47835F7}
		{0095FE4E-96F7-448E-8FFF-0C2AB477CDC2} = {0DB94825-D0A4-434E-80D9-80ABEDEBF921}
		{B366C43C-8C90-4584-8E19-5264D8C9B137} = {4560E565-E491-491E-BCF9-6211A47835F7}
		{B8340775-67C5-4D9E-B38B-636E432953C9} = {4560E565-E491-491E-BCF9-6211A47835F7}
		{A1D21C02-8361-401A-A050-A7A03F25AFB9} = {0DB94825-D0A4-434E-80D9-80ABEDEBF921}
	EndGlobalSection
EndGlobal
